
Microsoft Visual Studio Solution File, Format Version 12.00
# Visual Studio Version 17
VisualStudioVersion = 17.3.32929.385
MinimumVisualStudioVersion = 10.0.40219.1
Project("{FAE04EC0-301F-11D3-BF4B-00C04F79EFBC}") = "PBL3_QuanLyPhongTro", "PBL3_QuanLyPhongTro\PBL3_QuanLyPhongTro.csproj", "{66AD6847-521D-4FF0-9A6A-0CA135D6FC95}"
EndProject
Global
	GlobalSection(SolutionConfigurationPlatforms) = preSolution
		Debug|Any CPU = Debug|Any CPU
		Release|Any CPU = Release|Any CPU
	EndGlobalSection
	GlobalSection(ProjectConfigurationPlatforms) = postSolution
		{66AD6847-521D-4FF0-9A6A-0CA135D6FC95}.Debug|Any CPU.ActiveCfg = Debug|Any CPU
		{66AD6847-521D-4FF0-9A6A-0CA135D6FC95}.Debug|Any CPU.Build.0 = Debug|Any CPU
		{66AD6847-521D-4FF0-9A6A-0CA135D6FC95}.Release|Any CPU.ActiveCfg = Release|Any CPU
		{66AD6847-521D-4FF0-9A6A-0CA135D6FC95}.Release|Any CPU.Build.0 = Release|Any CPU
	EndGlobalSection
	GlobalSection(SolutionProperties) = preSolution
		HideSolutionNode = FALSE
	EndGlobalSection
	GlobalSection(ExtensibilityGlobals) = postSolution
		SolutionGuid = {C30FE408-6FA3-48FF-9DB3-09DC2E5AB6B8}
	EndGlobalSection
EndGlobal
